// !$*UTF8*$!
{
	archiveVersion = 1;
	classes = {
	};
	objectVersion = 46;
	objects = {

/* Begin PBXBuildFile section */
		11277C391A61CE5A005D60D3 /* main.m in Sources */ = {isa = PBXBuildFile; fileRef = 11277C381A61CE5A005D60D3 /* main.m */; };
		11277C3C1A61CE5A005D60D3 /* AppDelegate.m in Sources */ = {isa = PBXBuildFile; fileRef = 11277C3B1A61CE5A005D60D3 /* AppDelegate.m */; };
		11277C3F1A61CE5A005D60D3 /* ViewController.m in Sources */ = {isa = PBXBuildFile; fileRef = 11277C3E1A61CE5A005D60D3 /* ViewController.m */; };
		11277C421A61CE5A005D60D3 /* Main.storyboard in Resources */ = {isa = PBXBuildFile; fileRef = 11277C401A61CE5A005D60D3 /* Main.storyboard */; };
		11277C441A61CE5A005D60D3 /* Images.xcassets in Resources */ = {isa = PBXBuildFile; fileRef = 11277C431A61CE5A005D60D3 /* Images.xcassets */; };
		11277C471A61CE5A005D60D3 /* LaunchScreen.xib in Resources */ = {isa = PBXBuildFile; fileRef = 11277C451A61CE5A005D60D3 /* LaunchScreen.xib */; };
		11277C531A61CE5A005D60D3 /* PiaTests.m in Sources */ = {isa = PBXBuildFile; fileRef = 11277C521A61CE5A005D60D3 /* PiaTests.m */; };
/* End PBXBuildFile section */

/* Begin PBXContainerItemProxy section */
		11277C4D1A61CE5A005D60D3 /* PBXContainerItemProxy */ = {
			isa = PBXContainerItemProxy;
			containerPortal = 11277C2B1A61CE59005D60D3 /* Project object */;
			proxyType = 1;
			remoteGlobalIDString = 11277C321A61CE5A005D60D3;
			remoteInfo = Pia;
		};
/* End PBXContainerItemProxy section */

/* Begin PBXFileReference section */
		11277C331A61CE5A005D60D3 /* Pia.app */ = {isa = PBXFileReference; explicitFileType = wrapper.application; includeInIndex = 0; path = Pia.app; sourceTree = BUILT_PRODUCTS_DIR; };
		11277C371A61CE5A005D60D3 /* Info.plist */ = {isa = PBXFileReference; lastKnownFileType = text.plist.xml; path = Info.plist; sourceTree = "<group>"; };
		11277C381A61CE5A005D60D3 /* main.m */ = {isa = PBXFileReference; lastKnownFileType = sourcecode.c.objc; path = main.m; sourceTree = "<group>"; };
		11277C3A1A61CE5A005D60D3 /* AppDelegate.h */ = {isa = PBXFileReference; lastKnownFileType = sourcecode.c.h; path = AppDelegate.h; sourceTree = "<group>"; };
		11277C3B1A61CE5A005D60D3 /* AppDelegate.m */ = {isa = PBXFileReference; lastKnownFileType = sourcecode.c.objc; path = AppDelegate.m; sourceTree = "<group>"; };
		11277C3D1A61CE5A005D60D3 /* ViewController.h */ = {isa = PBXFileReference; lastKnownFileType = sourcecode.c.h; path = ViewController.h; sourceTree = "<group>"; };
		11277C3E1A61CE5A005D60D3 /* ViewController.m */ = {isa = PBXFileReference; lastKnownFileType = sourcecode.c.objc; path = ViewController.m; sourceTree = "<group>"; };
		11277C411A61CE5A005D60D3 /* Base */ = {isa = PBXFileReference; lastKnownFileType = file.storyboard; name = Base; path = Base.lproj/Main.storyboard; sourceTree = "<group>"; };
		11277C431A61CE5A005D60D3 /* Images.xcassets */ = {isa = PBXFileReference; lastKnownFileType = folder.assetcatalog; path = Images.xcassets; sourceTree = "<group>"; };
		11277C461A61CE5A005D60D3 /* Base */ = {isa = PBXFileReference; lastKnownFileType = file.xib; name = Base; path = Base.lproj/LaunchScreen.xib; sourceTree = "<group>"; };
		11277C4C1A61CE5A005D60D3 /* PiaTests.xctest */ = {isa = PBXFileReference; explicitFileType = wrapper.cfbundle; includeInIndex = 0; path = PiaTests.xctest; sourceTree = BUILT_PRODUCTS_DIR; };
		11277C511A61CE5A005D60D3 /* Info.plist */ = {isa = PBXFileReference; lastKnownFileType = text.plist.xml; path = Info.plist; sourceTree = "<group>"; };
		11277C521A61CE5A005D60D3 /* PiaTests.m */ = {isa = PBXFileReference; lastKnownFileType = sourcecode.c.objc; path = PiaTests.m; sourceTree = "<group>"; };
/* End PBXFileReference section */

/* Begin PBXFrameworksBuildPhase section */
		11277C301A61CE5A005D60D3 /* Frameworks */ = {
			isa = PBXFrameworksBuildPhase;
			buildActionMask = 2147483647;
			files = (
			);
			runOnlyForDeploymentPostprocessing = 0;
		};
		11277C491A61CE5A005D60D3 /* Frameworks */ = {
			isa = PBXFrameworksBuildPhase;
			buildActionMask = 2147483647;
			files = (
			);
			runOnlyForDeploymentPostprocessing = 0;
		};
/* End PBXFrameworksBuildPhase section */

/* Begin PBXGroup section */
		11277C2A1A61CE59005D60D3 = {
			isa = PBXGroup;
			children = (
				11277C351A61CE5A005D60D3 /* Pia */,
				11277C4F1A61CE5A005D60D3 /* PiaTests */,
				11277C341A61CE5A005D60D3 /* Products */,
			);
			sourceTree = "<group>";
		};
		11277C341A61CE5A005D60D3 /* Products */ = {
			isa = PBXGroup;
			children = (
				11277C331A61CE5A005D60D3 /* Pia.app */,
				11277C4C1A61CE5A005D60D3 /* PiaTests.xctest */,
			);
			name = Products;
			sourceTree = "<group>";
		};
		11277C351A61CE5A005D60D3 /* Pia */ = {
			isa = PBXGroup;
			children = (
				11277C3A1A61CE5A005D60D3 /* AppDelegate.h */,
				11277C3B1A61CE5A005D60D3 /* AppDelegate.m */,
				11277C3D1A61CE5A005D60D3 /* ViewController.h */,
				11277C3E1A61CE5A005D60D3 /* ViewController.m */,
				11277C401A61CE5A005D60D3 /* Main.storyboard */,
				11277C431A61CE5A005D60D3 /* Images.xcassets */,
				11277C451A61CE5A005D60D3 /* LaunchScreen.xib */,
				11277C361A61CE5A005D60D3 /* Supporting Files */,
			);
			path = Pia;
			sourceTree = "<group>";
		};
		11277C361A61CE5A005D60D3 /* Supporting Files */ = {
			isa = PBXGroup;
			children = (
				11277C371A61CE5A005D60D3 /* Info.plist */,
				11277C381A61CE5A005D60D3 /* main.m */,
			);
			name = "Supporting Files";
			sourceTree = "<group>";
		};
		11277C4F1A61CE5A005D60D3 /* PiaTests */ = {
			isa = PBXGroup;
			children = (
				11277C521A61CE5A005D60D3 /* PiaTests.m */,
				11277C501A61CE5A005D60D3 /* Supporting Files */,
			);
			path = PiaTests;
			sourceTree = "<group>";
		};
		11277C501A61CE5A005D60D3 /* Supporting Files */ = {
			isa = PBXGroup;
			children = (
				11277C511A61CE5A005D60D3 /* Info.plist */,
			);
			name = "Supporting Files";
			sourceTree = "<group>";
		};
/* End PBXGroup section */

/* Begin PBXNativeTarget section */
		11277C321A61CE5A005D60D3 /* Pia */ = {
			isa = PBXNativeTarget;
			buildConfigurationList = 11277C561A61CE5A005D60D3 /* Build configuration list for PBXNativeTarget "Pia" */;
			buildPhases = (
				11277C2F1A61CE5A005D60D3 /* Sources */,
				11277C301A61CE5A005D60D3 /* Frameworks */,
				11277C311A61CE5A005D60D3 /* Resources */,
			);
			buildRules = (
			);
			dependencies = (
			);
			name = Pia;
			productName = Pia;
			productReference = 11277C331A61CE5A005D60D3 /* Pia.app */;
			productType = "com.apple.product-type.application";
		};
		11277C4B1A61CE5A005D60D3 /* PiaTests */ = {
			isa = PBXNativeTarget;
			buildConfigurationList = 11277C591A61CE5A005D60D3 /* Build configuration list for PBXNativeTarget "PiaTests" */;
			buildPhases = (
				11277C481A61CE5A005D60D3 /* Sources */,
				11277C491A61CE5A005D60D3 /* Frameworks */,
				11277C4A1A61CE5A005D60D3 /* Resources */,
			);
			buildRules = (
			);
			dependencies = (
				11277C4E1A61CE5A005D60D3 /* PBXTargetDependency */,
			);
			name = PiaTests;
			productName = PiaTests;
			productReference = 11277C4C1A61CE5A005D60D3 /* PiaTests.xctest */;
			productType = "com.apple.product-type.bundle.unit-test";
		};
/* End PBXNativeTarget section */

/* Begin PBXProject section */
		11277C2B1A61CE59005D60D3 /* Project object */ = {
			isa = PBXProject;
			attributes = {
				LastUpgradeCheck = 0610;
				ORGANIZATIONNAME = "Yuxiao Ma";
				TargetAttributes = {
					11277C321A61CE5A005D60D3 = {
						CreatedOnToolsVersion = 6.1.1;
					};
					11277C4B1A61CE5A005D60D3 = {
						CreatedOnToolsVersion = 6.1.1;
						TestTargetID = 11277C321A61CE5A005D60D3;
					};
				};
			};
			buildConfigurationList = 11277C2E1A61CE5A005D60D3 /* Build configuration list for PBXProject "Pia" */;
			compatibilityVersion = "Xcode 3.2";
			developmentRegion = English;
			hasScannedForEncodings = 0;
			knownRegions = (
				en,
				Base,
			);
			mainGroup = 11277C2A1A61CE59005D60D3;
			productRefGroup = 11277C341A61CE5A005D60D3 /* Products */;
			projectDirPath = "";
			projectRoot = "";
			targets = (
				11277C321A61CE5A005D60D3 /* Pia */,
				11277C4B1A61CE5A005D60D3 /* PiaTests */,
			);
		};
/* End PBXProject section */

/* Begin PBXResourcesBuildPhase section */
		11277C311A61CE5A005D60D3 /* Resources */ = {
			isa = PBXResourcesBuildPhase;
			buildActionMask = 2147483647;
			files = (
				11277C421A61CE5A005D60D3 /* Main.storyboard in Resources */,
				11277C471A61CE5A005D60D3 /* LaunchScreen.xib in Resources */,
				11277C441A61CE5A005D60D3 /* Images.xcassets in Resources */,
			);
			runOnlyForDeploymentPostprocessing = 0;
		};
		11277C4A1A61CE5A005D60D3 /* Resources */ = {
			isa = PBXResourcesBuildPhase;
			buildActionMask = 2147483647;
			files = (
			);
			runOnlyForDeploymentPostprocessing = 0;
		};
/* End PBXResourcesBuildPhase section */

/* Begin PBXSourcesBuildPhase section */
		11277C2F1A61CE5A005D60D3 /* Sources */ = {
			isa = PBXSourcesBuildPhase;
			buildActionMask = 2147483647;
			files = (
				11277C3F1A61CE5A005D60D3 /* ViewController.m in Sources */,
				11277C3C1A61CE5A005D60D3 /* AppDelegate.m in Sources */,
				11277C391A61CE5A005D60D3 /* main.m in Sources */,
			);
			runOnlyForDeploymentPostprocessing = 0;
		};
		11277C481A61CE5A005D60D3 /* Sources */ = {
			isa = PBXSourcesBuildPhase;
			buildActionMask = 2147483647;
			files = (
				11277C531A61CE5A005D60D3 /* PiaTests.m in Sources */,
			);
			runOnlyForDeploymentPostprocessing = 0;
		};
/* End PBXSourcesBuildPhase section */

/* Begin PBXTargetDependency section */
		11277C4E1A61CE5A005D60D3 /* PBXTargetDependency */ = {
			isa = PBXTargetDependency;
			target = 11277C321A61CE5A005D60D3 /* Pia */;
			targetProxy = 11277C4D1A61CE5A005D60D3 /* PBXContainerItemProxy */;
		};
/* End PBXTargetDependency section */

/* Begin PBXVariantGroup section */
		11277C401A61CE5A005D60D3 /* Main.storyboard */ = {
			isa = PBXVariantGroup;
			children = (
				11277C411A61CE5A005D60D3 /* Base */,
			);
			name = Main.storyboard;
			sourceTree = "<group>";
		};
		11277C451A61CE5A005D60D3 /* LaunchScreen.xib */ = {
			isa = PBXVariantGroup;
			children = (
				11277C461A61CE5A005D60D3 /* Base */,
			);
			name = LaunchScreen.xib;
			sourceTree = "<group>";
		};
/* End PBXVariantGroup section */

/* Begin XCBuildConfiguration section */
		11277C541A61CE5A005D60D3 /* Debug */ = {
			isa = XCBuildConfiguration;
			buildSettings = {
				ALWAYS_SEARCH_USER_PATHS = NO;
				CLANG_CXX_LANGUAGE_STANDARD = "gnu++0x";
				CLANG_CXX_LIBRARY = "libc++";
				CLANG_ENABLE_MODULES = YES;
				CLANG_ENABLE_OBJC_ARC = YES;
				CLANG_WARN_BOOL_CONVERSION = YES;
				CLANG_WARN_CONSTANT_CONVERSION = YES;
				CLANG_WARN_DIRECT_OBJC_ISA_USAGE = YES_ERROR;
				CLANG_WARN_EMPTY_BODY = YES;
				CLANG_WARN_ENUM_CONVERSION = YES;
				CLANG_WARN_INT_CONVERSION = YES;
				CLANG_WARN_OBJC_ROOT_CLASS = YES_ERROR;
				CLANG_WARN_UNREACHABLE_CODE = YES;
				CLANG_WARN__DUPLICATE_METHOD_MATCH = YES;
				"CODE_SIGN_IDENTITY[sdk=iphoneos*]" = "iPhone Developer";
				COPY_PHASE_STRIP = NO;
				ENABLE_STRICT_OBJC_MSGSEND = YES;
				GCC_C_LANGUAGE_STANDARD = gnu99;
				GCC_DYNAMIC_NO_PIC = NO;
				GCC_OPTIMIZATION_LEVEL = 0;
				GCC_PREPROCESSOR_DEFINITIONS = (
					"DEBUG=1",
					"$(inherited)",
				);
				GCC_SYMBOLS_PRIVATE_EXTERN = NO;
				GCC_WARN_64_TO_32_BIT_CONVERSION = YES;
				GCC_WARN_ABOUT_RETURN_TYPE = YES_ERROR;
				GCC_WARN_UNDECLARED_SELECTOR = YES;
				GCC_WARN_UNINITIALIZED_AUTOS = YES_AGGRESSIVE;
				GCC_WARN_UNUSED_FUNCTION = YES;
				GCC_WARN_UNUSED_VARIABLE = YES;
				IPHONEOS_DEPLOYMENT_TARGET = 8.1;
				MTL_ENABLE_DEBUG_INFO = YES;
				ONLY_ACTIVE_ARCH = YES;
				SDKROOT = iphoneos;
				TARGETED_DEVICE_FAMILY = "1,2";
			};
			name = Debug;
		};
		11277C551A61CE5A005D60D3 /* Release */ = {
			isa = XCBuildConfiguration;
			buildSettings = {
				ALWAYS_SEARCH_USER_PATHS = NO;
				CLANG_CXX_LANGUAGE_STANDARD = "gnu++0x";
				CLANG_CXX_LIBRARY = "libc++";
				CLANG_ENABLE_MODULES = YES;
				CLANG_ENABLE_OBJC_ARC = YES;
				CLANG_WARN_BOOL_CONVERSION = YES;
				CLANG_WARN_CONSTANT_CONVERSION = YES;
				CLANG_WARN_DIRECT_OBJC_ISA_USAGE = YES_ERROR;
				CLANG_WARN_EMPTY_BODY = YES;
				CLANG_WARN_ENUM_CONVERSION = YES;
				CLANG_WARN_INT_CONVERSION = YES;
				CLANG_WARN_OBJC_ROOT_CLASS = YES_ERROR;
				CLANG_WARN_UNREACHABLE_CODE = YES;
				CLANG_WARN__DUPLICATE_METHOD_MATCH = YES;
				"CODE_SIGN_IDENTITY[sdk=iphoneos*]" = "iPhone Developer";
				COPY_PHASE_STRIP = YES;
				ENABLE_NS_ASSERTIONS = NO;
				ENABLE_STRICT_OBJC_MSGSEND = YES;
				GCC_C_LANGUAGE_STANDARD = gnu99;
				GCC_WARN_64_TO_32_BIT_CONVERSION = YES;
				GCC_WARN_ABOUT_RETURN_TYPE = YES_ERROR;
				GCC_WARN_UNDECLARED_SELECTOR = YES;
				GCC_WARN_UNINITIALIZED_AUTOS = YES_AGGRESSIVE;
				GCC_WARN_UNUSED_FUNCTION = YES;
				GCC_WARN_UNUSED_VARIABLE = YES;
				IPHONEOS_DEPLOYMENT_TARGET = 8.1;
				MTL_ENABLE_DEBUG_INFO = NO;
				SDKROOT = iphoneos;
				TARGETED_DEVICE_FAMILY = "1,2";
				VALIDATE_PRODUCT = YES;
			};
			name = Release;
		};
		11277C571A61CE5A005D60D3 /* Debug */ = {
			isa = XCBuildConfiguration;
			buildSettings = {
				ASSETCATALOG_COMPILER_APPICON_NAME = AppIcon;
				INFOPLIST_FILE = Pia/Info.plist;
				LD_RUNPATH_SEARCH_PATHS = "$(inherited) @executable_path/Frameworks";
				PRODUCT_NAME = "$(TARGET_NAME)";
			};
			name = Debug;
		};
		11277C581A61CE5A005D60D3 /* Release */ = {
			isa = XCBuildConfiguration;
			buildSettings = {
				ASSETCATALOG_COMPILER_APPICON_NAME = AppIcon;
				INFOPLIST_FILE = Pia/Info.plist;
				LD_RUNPATH_SEARCH_PATHS = "$(inherited) @executable_path/Frameworks";
				PRODUCT_NAME = "$(TARGET_NAME)";
			};
			name = Release;
		};
		11277C5A1A61CE5A005D60D3 /* Debug */ = {
			isa = XCBuildConfiguration;
			buildSettings = {
				BUNDLE_LOADER = "$(TEST_HOST)";
				FRAMEWORK_SEARCH_PATHS = (
					"$(SDKROOT)/Developer/Library/Frameworks",
					"$(inherited)",
				);
				GCC_PREPROCESSOR_DEFINITIONS = (
					"DEBUG=1",
					"$(inherited)",
				);
				INFOPLIST_FILE = PiaTests/Info.plist;
				LD_RUNPATH_SEARCH_PATHS = "$(inherited) @executable_path/Frameworks @loader_path/Frameworks";
				PRODUCT_NAME = "$(TARGET_NAME)";
				TEST_HOST = "$(BUILT_PRODUCTS_DIR)/Pia.app/Pia";
			};
			name = Debug;
		};
		11277C5B1A61CE5A005D60D3 /* Release */ = {
			isa = XCBuildConfiguration;
			buildSettings = {
				BUNDLE_LOADER = "$(TEST_HOST)";
				FRAMEWORK_SEARCH_PATHS = (
					"$(SDKROOT)/Developer/Library/Frameworks",
					"$(inherited)",
				);
				INFOPLIST_FILE = PiaTests/Info.plist;
				LD_RUNPATH_SEARCH_PATHS = "$(inherited) @executable_path/Frameworks @loader_path/Frameworks";
				PRODUCT_NAME = "$(TARGET_NAME)";
				TEST_HOST = "$(BUILT_PRODUCTS_DIR)/Pia.app/Pia";
			};
			name = Release;
		};
/* End XCBuildConfiguration section */

/* Begin XCConfigurationList section */
		11277C2E1A61CE5A005D60D3 /* Build configuration list for PBXProject "Pia" */ = {
			isa = XCConfigurationList;
			buildConfigurations = (
				11277C541A61CE5A005D60D3 /* Debug */,
				11277C551A61CE5A005D60D3 /* Release */,
			);
			defaultConfigurationIsVisible = 0;
			defaultConfigurationName = Release;
		};
		11277C561A61CE5A005D60D3 /* Build configuration list for PBXNativeTarget "Pia" */ = {
			isa = XCConfigurationList;
			buildConfigurations = (
				11277C571A61CE5A005D60D3 /* Debug */,
				11277C581A61CE5A005D60D3 /* Release */,
			);
			defaultConfigurationIsVisible = 0;
		};
		11277C591A61CE5A005D60D3 /* Build configuration list for PBXNativeTarget "PiaTests" */ = {
			isa = XCConfigurationList;
			buildConfigurations = (
				11277C5A1A61CE5A005D60D3 /* Debug */,
				11277C5B1A61CE5A005D60D3 /* Release */,
			);
			defaultConfigurationIsVisible = 0;
		};
/* End XCConfigurationList section */
	};
	rootObject = 11277C2B1A61CE59005D60D3 /* Project object */;
}
